
Microsoft Visual Studio Solution File, Format Version 12.00
# Visual Studio 14
VisualStudioVersion = 14.0.24720.0
MinimumVisualStudioVersion = 10.0.40219.1
Project("{FAE04EC0-301F-11D3-BF4B-00C04F79EFBC}") = "Aula Virtual", "Aula Virtual\Aula Virtual.csproj", "{72FB0F9B-3EF1-4339-AEDA-FB9EE7BB4273}"
EndProject
Project("{FAE04EC0-301F-11D3-BF4B-00C04F79EFBC}") = "BLL", "BLL\BLL.csproj", "{76049CC7-61E6-4F00-A595-6A8CB6FD27A9}"
EndProject
Project("{FAE04EC0-301F-11D3-BF4B-00C04F79EFBC}") = "DAL", "DAL\DAL.csproj", "{956CF872-46EB-471E-BA16-04AE2568C35C}"
EndProject
Project("{FAE04EC0-301F-11D3-BF4B-00C04F79EFBC}") = "WebUI", "WebUI\WebUI.csproj", "{C4A0BFCB-72B2-4F01-8592-A8CCA01ADE62}"
EndProject
Global
	GlobalSection(SolutionConfigurationPlatforms) = preSolution
		Debug|Any CPU = Debug|Any CPU
		Release|Any CPU = Release|Any CPU
	EndGlobalSection
	GlobalSection(ProjectConfigurationPlatforms) = postSolution
		{72FB0F9B-3EF1-4339-AEDA-FB9EE7BB4273}.Debug|Any CPU.ActiveCfg = Debug|Any CPU
		{72FB0F9B-3EF1-4339-AEDA-FB9EE7BB4273}.Debug|Any CPU.Build.0 = Debug|Any CPU
		{72FB0F9B-3EF1-4339-AEDA-FB9EE7BB4273}.Release|Any CPU.ActiveCfg = Release|Any CPU
		{72FB0F9B-3EF1-4339-AEDA-FB9EE7BB4273}.Release|Any CPU.Build.0 = Release|Any CPU
		{76049CC7-61E6-4F00-A595-6A8CB6FD27A9}.Debug|Any CPU.ActiveCfg = Debug|Any CPU
		{76049CC7-61E6-4F00-A595-6A8CB6FD27A9}.Debug|Any CPU.Build.0 = Debug|Any CPU
		{76049CC7-61E6-4F00-A595-6A8CB6FD27A9}.Release|Any CPU.ActiveCfg = Release|Any CPU
		{76049CC7-61E6-4F00-A595-6A8CB6FD27A9}.Release|Any CPU.Build.0 = Release|Any CPU
		{956CF872-46EB-471E-BA16-04AE2568C35C}.Debug|Any CPU.ActiveCfg = Debug|Any CPU
		{956CF872-46EB-471E-BA16-04AE2568C35C}.Debug|Any CPU.Build.0 = Debug|Any CPU
		{956CF872-46EB-471E-BA16-04AE2568C35C}.Release|Any CPU.ActiveCfg = Release|Any CPU
		{956CF872-46EB-471E-BA16-04AE2568C35C}.Release|Any CPU.Build.0 = Release|Any CPU
		{C4A0BFCB-72B2-4F01-8592-A8CCA01ADE62}.Debug|Any CPU.ActiveCfg = Debug|Any CPU
		{C4A0BFCB-72B2-4F01-8592-A8CCA01ADE62}.Debug|Any CPU.Build.0 = Debug|Any CPU
		{C4A0BFCB-72B2-4F01-8592-A8CCA01ADE62}.Release|Any CPU.ActiveCfg = Release|Any CPU
		{C4A0BFCB-72B2-4F01-8592-A8CCA01ADE62}.Release|Any CPU.Build.0 = Release|Any CPU
	EndGlobalSection
	GlobalSection(SolutionProperties) = preSolution
		HideSolutionNode = FALSE
	EndGlobalSection
EndGlobal
